
Microsoft Visual Studio Solution File, Format Version 12.00
# Visual Studio Version 17
VisualStudioVersion = 17.9.34723.18
MinimumVisualStudioVersion = 10.0.40219.1
Project("{FAE04EC0-301F-11D3-BF4B-00C04F79EFBC}") = "BottomText", "BottomText\BottomText.csproj", "{8E249E0B-288A-4025-B131-C03D94B69760}"
EndProject
Global
	GlobalSection(SolutionConfigurationPlatforms) = preSolution
		Debug|Any CPU = Debug|Any CPU
		Release|Any CPU = Release|Any CPU
	EndGlobalSection
	GlobalSection(ProjectConfigurationPlatforms) = postSolution
		{8E249E0B-288A-4025-B131-C03D94B69760}.Debug|Any CPU.ActiveCfg = Debug|Any CPU
		{8E249E0B-288A-4025-B131-C03D94B69760}.Debug|Any CPU.Build.0 = Debug|Any CPU
		{8E249E0B-288A-4025-B131-C03D94B69760}.Release|Any CPU.ActiveCfg = Release|Any CPU
		{8E249E0B-288A-4025-B131-C03D94B69760}.Release|Any CPU.Build.0 = Release|Any CPU
	EndGlobalSection
	GlobalSection(SolutionProperties) = preSolution
		HideSolutionNode = FALSE
	EndGlobalSection
	GlobalSection(ExtensibilityGlobals) = postSolution
		SolutionGuid = {9263EE42-01A7-4336-8BF4-DF7F8DE43C95}
	EndGlobalSection
EndGlobal
